
Microsoft Visual Studio Solution File, Format Version 12.00
# Visual Studio Version 17
VisualStudioVersion = 17.14.36221.1
MinimumVisualStudioVersion = 10.0.40219.1
Project("{8BC9CEB8-8B4A-11D0-8D11-00A0C91BC942}") = "magicmousepad", "magicmousepad\magicmousepad.vcxproj", "{EB25969C-2342-4273-AA19-988E2C9CCAA8}"
EndProject
Project("{8BC9CEB8-8B4A-11D0-8D11-00A0C91BC942}") = "mmpcli", "mmpcli\mmpcli.vcxproj", "{D391B229-5387-433A-9C38-5E26447AC11E}"
EndProject
Project("{2150E333-8FDC-42A3-9474-1A3956D46DE8}") = "Solution Items", "Solution Items", "{8EC462FD-D22E-90A8-E5CE-7E832BA40C5D}"
	ProjectSection(SolutionItems) = preProject
		LICENCE.txt = LICENCE.txt
		README.md = README.md
	EndProjectSection
EndProject
Project("{8BC9CEB8-8B4A-11D0-8D11-00A0C91BC942}") = "magicmouse", "magicmouse\magicmouse.vcxproj", "{B8A706AA-E9BE-45AD-8E88-AB3B7EA44A46}"
EndProject
Project("{8BC9CEB8-8B4A-11D0-8D11-00A0C91BC942}") = "dumppos", "dumppos\dumppos.vcxproj", "{327D345E-CE0E-4995-AF2F-356C578B610C}"
EndProject
Global
	GlobalSection(SolutionConfigurationPlatforms) = preSolution
		Debug|x64 = Debug|x64
		Debug|x86 = Debug|x86
		Release|x64 = Release|x64
		Release|x86 = Release|x86
	EndGlobalSection
	GlobalSection(ProjectConfigurationPlatforms) = postSolution
		{EB25969C-2342-4273-AA19-988E2C9CCAA8}.Debug|x64.ActiveCfg = Debug|x64
		{EB25969C-2342-4273-AA19-988E2C9CCAA8}.Debug|x64.Build.0 = Debug|x64
		{EB25969C-2342-4273-AA19-988E2C9CCAA8}.Debug|x86.ActiveCfg = Debug|Win32
		{EB25969C-2342-4273-AA19-988E2C9CCAA8}.Debug|x86.Build.0 = Debug|Win32
		{EB25969C-2342-4273-AA19-988E2C9CCAA8}.Release|x64.ActiveCfg = Release|x64
		{EB25969C-2342-4273-AA19-988E2C9CCAA8}.Release|x64.Build.0 = Release|x64
		{EB25969C-2342-4273-AA19-988E2C9CCAA8}.Release|x86.ActiveCfg = Release|Win32
		{EB25969C-2342-4273-AA19-988E2C9CCAA8}.Release|x86.Build.0 = Release|Win32
		{D391B229-5387-433A-9C38-5E26447AC11E}.Debug|x64.ActiveCfg = Debug|x64
		{D391B229-5387-433A-9C38-5E26447AC11E}.Debug|x64.Build.0 = Debug|x64
		{D391B229-5387-433A-9C38-5E26447AC11E}.Debug|x86.ActiveCfg = Debug|Win32
		{D391B229-5387-433A-9C38-5E26447AC11E}.Debug|x86.Build.0 = Debug|Win32
		{D391B229-5387-433A-9C38-5E26447AC11E}.Release|x64.ActiveCfg = Release|x64
		{D391B229-5387-433A-9C38-5E26447AC11E}.Release|x64.Build.0 = Release|x64
		{D391B229-5387-433A-9C38-5E26447AC11E}.Release|x86.ActiveCfg = Release|Win32
		{D391B229-5387-433A-9C38-5E26447AC11E}.Release|x86.Build.0 = Release|Win32
		{B8A706AA-E9BE-45AD-8E88-AB3B7EA44A46}.Debug|x64.ActiveCfg = Debug|x64
		{B8A706AA-E9BE-45AD-8E88-AB3B7EA44A46}.Debug|x64.Build.0 = Debug|x64
		{B8A706AA-E9BE-45AD-8E88-AB3B7EA44A46}.Debug|x86.ActiveCfg = Debug|Win32
		{B8A706AA-E9BE-45AD-8E88-AB3B7EA44A46}.Debug|x86.Build.0 = Debug|Win32
		{B8A706AA-E9BE-45AD-8E88-AB3B7EA44A46}.Release|x64.ActiveCfg = Release|x64
		{B8A706AA-E9BE-45AD-8E88-AB3B7EA44A46}.Release|x64.Build.0 = Release|x64
		{B8A706AA-E9BE-45AD-8E88-AB3B7EA44A46}.Release|x86.ActiveCfg = Release|Win32
		{B8A706AA-E9BE-45AD-8E88-AB3B7EA44A46}.Release|x86.Build.0 = Release|Win32
		{327D345E-CE0E-4995-AF2F-356C578B610C}.Debug|x64.ActiveCfg = Debug|x64
		{327D345E-CE0E-4995-AF2F-356C578B610C}.Debug|x64.Build.0 = Debug|x64
		{327D345E-CE0E-4995-AF2F-356C578B610C}.Debug|x86.ActiveCfg = Debug|Win32
		{327D345E-CE0E-4995-AF2F-356C578B610C}.Debug|x86.Build.0 = Debug|Win32
		{327D345E-CE0E-4995-AF2F-356C578B610C}.Release|x64.ActiveCfg = Release|x64
		{327D345E-CE0E-4995-AF2F-356C578B610C}.Release|x64.Build.0 = Release|x64
		{327D345E-CE0E-4995-AF2F-356C578B610C}.Release|x86.ActiveCfg = Release|Win32
		{327D345E-CE0E-4995-AF2F-356C578B610C}.Release|x86.Build.0 = Release|Win32
	EndGlobalSection
	GlobalSection(SolutionProperties) = preSolution
		HideSolutionNode = FALSE
	EndGlobalSection
	GlobalSection(ExtensibilityGlobals) = postSolution
		SolutionGuid = {EF4FC1EC-DF4D-4B1A-A436-12AFF7CD3752}
	EndGlobalSection
EndGlobal
